
Microsoft Visual Studio Solution File, Format Version 12.00
# Visual Studio Version 16
VisualStudioVersion = 16.0.31129.286
MinimumVisualStudioVersion = 10.0.40219.1
Project("{9A19103F-16F7-4668-BE54-9A1E7A4F7556}") = "MyVilla.Client", "MyVilla.Client\MyVilla.Client.csproj", "{49D6DB98-51FA-4828-B53A-ABE838400316}"
EndProject
Project("{9A19103F-16F7-4668-BE54-9A1E7A4F7556}") = "MyVilla.Server", "MyVilla.Server\MyVilla.Server.csproj", "{2FC16342-51E5-44F5-AFA3-BF2F5DA5B174}"
EndProject
Project("{FAE04EC0-301F-11D3-BF4B-00C04F79EFBC}") = "BasicBlazor", "BasicBlazor\BasicBlazor.csproj", "{D8D68EDB-5944-47AA-A6DD-174CB8FE42B0}"
EndProject
Project("{FAE04EC0-301F-11D3-BF4B-00C04F79EFBC}") = "Movies.Shared", "Movies.Shared\Movies.Shared.csproj", "{FB36273C-F154-4249-8551-084E0904EC40}"
EndProject
Project("{FAE04EC0-301F-11D3-BF4B-00C04F79EFBC}") = "Movies.Client", "Movies.Client\Movies.Client.csproj", "{F5A14C20-DED4-4001-9969-E96DEDD0FC33}"
EndProject
Project("{FAE04EC0-301F-11D3-BF4B-00C04F79EFBC}") = "Movies.Server", "Movies.Server\Movies.Server.csproj", "{43E7DA50-7718-401C-BD2F-FF64B4092464}"
EndProject
Global
	GlobalSection(SolutionConfigurationPlatforms) = preSolution
		Debug|Any CPU = Debug|Any CPU
		Release|Any CPU = Release|Any CPU
	EndGlobalSection
	GlobalSection(ProjectConfigurationPlatforms) = postSolution
		{49D6DB98-51FA-4828-B53A-ABE838400316}.Debug|Any CPU.ActiveCfg = Debug|Any CPU
		{49D6DB98-51FA-4828-B53A-ABE838400316}.Debug|Any CPU.Build.0 = Debug|Any CPU
		{49D6DB98-51FA-4828-B53A-ABE838400316}.Release|Any CPU.ActiveCfg = Release|Any CPU
		{49D6DB98-51FA-4828-B53A-ABE838400316}.Release|Any CPU.Build.0 = Release|Any CPU
		{2FC16342-51E5-44F5-AFA3-BF2F5DA5B174}.Debug|Any CPU.ActiveCfg = Debug|Any CPU
		{2FC16342-51E5-44F5-AFA3-BF2F5DA5B174}.Debug|Any CPU.Build.0 = Debug|Any CPU
		{2FC16342-51E5-44F5-AFA3-BF2F5DA5B174}.Release|Any CPU.ActiveCfg = Release|Any CPU
		{2FC16342-51E5-44F5-AFA3-BF2F5DA5B174}.Release|Any CPU.Build.0 = Release|Any CPU
		{D8D68EDB-5944-47AA-A6DD-174CB8FE42B0}.Debug|Any CPU.ActiveCfg = Debug|Any CPU
		{D8D68EDB-5944-47AA-A6DD-174CB8FE42B0}.Debug|Any CPU.Build.0 = Debug|Any CPU
		{D8D68EDB-5944-47AA-A6DD-174CB8FE42B0}.Release|Any CPU.ActiveCfg = Release|Any CPU
		{D8D68EDB-5944-47AA-A6DD-174CB8FE42B0}.Release|Any CPU.Build.0 = Release|Any CPU
		{FB36273C-F154-4249-8551-084E0904EC40}.Debug|Any CPU.ActiveCfg = Debug|Any CPU
		{FB36273C-F154-4249-8551-084E0904EC40}.Debug|Any CPU.Build.0 = Debug|Any CPU
		{FB36273C-F154-4249-8551-084E0904EC40}.Release|Any CPU.ActiveCfg = Release|Any CPU
		{FB36273C-F154-4249-8551-084E0904EC40}.Release|Any CPU.Build.0 = Release|Any CPU
		{F5A14C20-DED4-4001-9969-E96DEDD0FC33}.Debug|Any CPU.ActiveCfg = Debug|Any CPU
		{F5A14C20-DED4-4001-9969-E96DEDD0FC33}.Debug|Any CPU.Build.0 = Debug|Any CPU
		{F5A14C20-DED4-4001-9969-E96DEDD0FC33}.Release|Any CPU.ActiveCfg = Release|Any CPU
		{F5A14C20-DED4-4001-9969-E96DEDD0FC33}.Release|Any CPU.Build.0 = Release|Any CPU
		{43E7DA50-7718-401C-BD2F-FF64B4092464}.Debug|Any CPU.ActiveCfg = Debug|Any CPU
		{43E7DA50-7718-401C-BD2F-FF64B4092464}.Debug|Any CPU.Build.0 = Debug|Any CPU
		{43E7DA50-7718-401C-BD2F-FF64B4092464}.Release|Any CPU.ActiveCfg = Release|Any CPU
		{43E7DA50-7718-401C-BD2F-FF64B4092464}.Release|Any CPU.Build.0 = Release|Any CPU
	EndGlobalSection
	GlobalSection(SolutionProperties) = preSolution
		HideSolutionNode = FALSE
	EndGlobalSection
	GlobalSection(ExtensibilityGlobals) = postSolution
		SolutionGuid = {164F74EF-6009-47FB-ADC9-5AC96D8B55D1}
	EndGlobalSection
EndGlobal
